
Microsoft Visual Studio Solution File, Format Version 12.00
# Visual Studio Version 17
VisualStudioVersion = 17.9.34607.119
MinimumVisualStudioVersion = 10.0.40219.1
Project("{FAE04EC0-301F-11D3-BF4B-00C04F79EFBC}") = "Jojo", "Jojo\Jojo.csproj", "{423C662D-7E5D-4653-A534-9D91EF4B244F}"
EndProject
Global
	GlobalSection(SolutionConfigurationPlatforms) = preSolution
		Debug|Any CPU = Debug|Any CPU
		Release|Any CPU = Release|Any CPU
	EndGlobalSection
	GlobalSection(ProjectConfigurationPlatforms) = postSolution
		{423C662D-7E5D-4653-A534-9D91EF4B244F}.Debug|Any CPU.ActiveCfg = Debug|Any CPU
		{423C662D-7E5D-4653-A534-9D91EF4B244F}.Debug|Any CPU.Build.0 = Debug|Any CPU
		{423C662D-7E5D-4653-A534-9D91EF4B244F}.Release|Any CPU.ActiveCfg = Release|Any CPU
		{423C662D-7E5D-4653-A534-9D91EF4B244F}.Release|Any CPU.Build.0 = Release|Any CPU
	EndGlobalSection
	GlobalSection(SolutionProperties) = preSolution
		HideSolutionNode = FALSE
	EndGlobalSection
	GlobalSection(ExtensibilityGlobals) = postSolution
		SolutionGuid = {850267F4-9873-42E7-BE7C-3DFFCDBAF413}
	EndGlobalSection
EndGlobal
